
Microsoft Visual Studio Solution File, Format Version 12.00
# Visual Studio 2012
Project("{2150E333-8FDC-42A3-9474-1A3956D46DE8}") = "src", "src", "{EC2939B7-47F5-48EF-B6C1-69188743DA3F}"
EndProject
Project("{F2A71F9B-5D33-465A-A702-920D77279786}") = "app", "src\app\app.fsproj", "{129E6780-B5F4-4702-AB36-B13481D99BC6}"
EndProject
Project("{2150E333-8FDC-42A3-9474-1A3956D46DE8}") = ".nuget", ".nuget", "{2DF77BB2-72E7-4E86-A01F-E570A3028F2D}"
	ProjectSection(SolutionItems) = preProject
		.nuget\packages.config = .nuget\packages.config
	EndProjectSection
EndProject
Project("{F2A71F9B-5D33-465A-A702-920D77279786}") = "test", "src\test\test.fsproj", "{548C7958-6A96-48EC-9E27-4417DEDAE649}"
EndProject
Global
	GlobalSection(SolutionConfigurationPlatforms) = preSolution
		Debug|Any CPU = Debug|Any CPU
		Release|Any CPU = Release|Any CPU
	EndGlobalSection
	GlobalSection(ProjectConfigurationPlatforms) = postSolution
		{129E6780-B5F4-4702-AB36-B13481D99BC6}.Debug|Any CPU.ActiveCfg = Debug|Any CPU
		{129E6780-B5F4-4702-AB36-B13481D99BC6}.Debug|Any CPU.Build.0 = Debug|Any CPU
		{129E6780-B5F4-4702-AB36-B13481D99BC6}.Release|Any CPU.ActiveCfg = Release|Any CPU
		{129E6780-B5F4-4702-AB36-B13481D99BC6}.Release|Any CPU.Build.0 = Release|Any CPU
		{548C7958-6A96-48EC-9E27-4417DEDAE649}.Debug|Any CPU.ActiveCfg = Debug|Any CPU
		{548C7958-6A96-48EC-9E27-4417DEDAE649}.Debug|Any CPU.Build.0 = Debug|Any CPU
		{548C7958-6A96-48EC-9E27-4417DEDAE649}.Release|Any CPU.ActiveCfg = Release|Any CPU
		{548C7958-6A96-48EC-9E27-4417DEDAE649}.Release|Any CPU.Build.0 = Release|Any CPU
	EndGlobalSection
	GlobalSection(SolutionProperties) = preSolution
		HideSolutionNode = FALSE
	EndGlobalSection
	GlobalSection(NestedProjects) = preSolution
		{129E6780-B5F4-4702-AB36-B13481D99BC6} = {EC2939B7-47F5-48EF-B6C1-69188743DA3F}
		{548C7958-6A96-48EC-9E27-4417DEDAE649} = {EC2939B7-47F5-48EF-B6C1-69188743DA3F}
	EndGlobalSection
EndGlobal
